
Microsoft Visual Studio Solution File, Format Version 12.00
# Visual Studio 15
VisualStudioVersion = 15.0.28010.2048
MinimumVisualStudioVersion = 10.0.40219.1
Project("{FAE04EC0-301F-11D3-BF4B-00C04F79EFBC}") = "ModelBinderApp", "ModelBinderApp\ModelBinderApp.csproj", "{5A1235FD-C5EA-42E5-A9D5-F8FC58BD4FEB}"
EndProject
Global
	GlobalSection(SolutionConfigurationPlatforms) = preSolution
		Debug|Any CPU = Debug|Any CPU
		Release|Any CPU = Release|Any CPU
	EndGlobalSection
	GlobalSection(ProjectConfigurationPlatforms) = postSolution
		{5A1235FD-C5EA-42E5-A9D5-F8FC58BD4FEB}.Debug|Any CPU.ActiveCfg = Debug|Any CPU
		{5A1235FD-C5EA-42E5-A9D5-F8FC58BD4FEB}.Debug|Any CPU.Build.0 = Debug|Any CPU
		{5A1235FD-C5EA-42E5-A9D5-F8FC58BD4FEB}.Release|Any CPU.ActiveCfg = Release|Any CPU
		{5A1235FD-C5EA-42E5-A9D5-F8FC58BD4FEB}.Release|Any CPU.Build.0 = Release|Any CPU
	EndGlobalSection
	GlobalSection(SolutionProperties) = preSolution
		HideSolutionNode = FALSE
	EndGlobalSection
	GlobalSection(ExtensibilityGlobals) = postSolution
		SolutionGuid = {33A9F632-46D6-4A57-A5AD-1726B9C0E658}
	EndGlobalSection
EndGlobal
